// !$*UTF8*$!
{
	archiveVersion = 1;
	classes = {
	};
	objectVersion = 46;
	objects = {

/* Begin PBXBuildFile section */
		A20F2C671F276F9700D446F7 /* AppDelegate.swift in Sources */ = {isa = PBXBuildFile; fileRef = A20F2C661F276F9700D446F7 /* AppDelegate.swift */; };
		A20F2C691F276F9700D446F7 /* LoginViewController.swift in Sources */ = {isa = PBXBuildFile; fileRef = A20F2C681F276F9700D446F7 /* LoginViewController.swift */; };
		A20F2C6C1F276F9700D446F7 /* Main.storyboard in Resources */ = {isa = PBXBuildFile; fileRef = A20F2C6A1F276F9700D446F7 /* Main.storyboard */; };
		A20F2C6F1F276F9700D446F7 /* ShareOurCost.xcdatamodeld in Sources */ = {isa = PBXBuildFile; fileRef = A20F2C6D1F276F9700D446F7 /* ShareOurCost.xcdatamodeld */; };
		A20F2C711F276F9700D446F7 /* Assets.xcassets in Resources */ = {isa = PBXBuildFile; fileRef = A20F2C701F276F9700D446F7 /* Assets.xcassets */; };
		A20F2C741F276F9700D446F7 /* LaunchScreen.storyboard in Resources */ = {isa = PBXBuildFile; fileRef = A20F2C721F276F9700D446F7 /* LaunchScreen.storyboard */; };
		A20F2C821F28C01B00D446F7 /* MatchingViewController.swift in Sources */ = {isa = PBXBuildFile; fileRef = A20F2C811F28C01B00D446F7 /* MatchingViewController.swift */; };
		A23489691F35F7760015698D /* AccountManager.swift in Sources */ = {isa = PBXBuildFile; fileRef = A23489681F35F7760015698D /* AccountManager.swift */; };
		A24F30C51F2B2EFC002E05E2 /* File.swift in Sources */ = {isa = PBXBuildFile; fileRef = A24F30C41F2B2EFC002E05E2 /* File.swift */; };
		A26EB0091F41D1CD009E5C6F /* GoogleService-Info.plist in Resources */ = {isa = PBXBuildFile; fileRef = A26EB0081F41D1CD009E5C6F /* GoogleService-Info.plist */; };
		A26EB00B1F42C51B009E5C6F /* AddFriendViewController.swift in Sources */ = {isa = PBXBuildFile; fileRef = A26EB00A1F42C51B009E5C6F /* AddFriendViewController.swift */; };
		A26EB00D1F42D0E8009E5C6F /* FriendDetailListViewController.swift in Sources */ = {isa = PBXBuildFile; fileRef = A26EB00C1F42D0E8009E5C6F /* FriendDetailListViewController.swift */; };
		A288F1521F2E2C0C0061F8FF /* FriendListTableViewController.swift in Sources */ = {isa = PBXBuildFile; fileRef = A288F1511F2E2C0C0061F8FF /* FriendListTableViewController.swift */; };
		A288F1541F2E337F0061F8FF /* FriendRequestListTableViewCell.swift in Sources */ = {isa = PBXBuildFile; fileRef = A288F1531F2E337F0061F8FF /* FriendRequestListTableViewCell.swift */; };
		A288F1561F3055F40061F8FF /* FriendListTableViewCell.swift in Sources */ = {isa = PBXBuildFile; fileRef = A288F1551F3055F40061F8FF /* FriendListTableViewCell.swift */; };
		A288F1581F30A4FA0061F8FF /* AddExpenseViewController.swift in Sources */ = {isa = PBXBuildFile; fileRef = A288F1571F30A4FA0061F8FF /* AddExpenseViewController.swift */; };
		A29720761F3D70FD00D92B3F /* ExpenseListSegmentViewController.swift in Sources */ = {isa = PBXBuildFile; fileRef = A29720751F3D70FD00D92B3F /* ExpenseListSegmentViewController.swift */; };
		A29720781F3D737E00D92B3F /* ExpenseListSegmentTableViewCell.swift in Sources */ = {isa = PBXBuildFile; fileRef = A29720771F3D737E00D92B3F /* ExpenseListSegmentTableViewCell.swift */; };
		A2FE33F81F374B6400C3A793 /* FriendManager.swift in Sources */ = {isa = PBXBuildFile; fileRef = A2FE33F71F374B6400C3A793 /* FriendManager.swift */; };
		A2FE33FA1F3759C600C3A793 /* ExpeneseDetailViewController.swift in Sources */ = {isa = PBXBuildFile; fileRef = A2FE33F91F3759C600C3A793 /* ExpeneseDetailViewController.swift */; };
		A2FE33FC1F37EC9000C3A793 /* ExpenseManager.swift in Sources */ = {isa = PBXBuildFile; fileRef = A2FE33FB1F37EC9000C3A793 /* ExpenseManager.swift */; };
		E96D74AF233843F582EEB011 /* Pods_ShareOurCost.framework in Frameworks */ = {isa = PBXBuildFile; fileRef = 10CC0D0489CC3AF52482997E /* Pods_ShareOurCost.framework */; };
/* End PBXBuildFile section */

/* Begin PBXFileReference section */
		0FB66BD0448C110514B370DC /* Pods-ShareOurCost.release.xcconfig */ = {isa = PBXFileReference; includeInIndex = 1; lastKnownFileType = text.xcconfig; name = "Pods-ShareOurCost.release.xcconfig"; path = "Pods/Target Support Files/Pods-ShareOurCost/Pods-ShareOurCost.release.xcconfig"; sourceTree = "<group>"; };
		10CC0D0489CC3AF52482997E /* Pods_ShareOurCost.framework */ = {isa = PBXFileReference; explicitFileType = wrapper.framework; includeInIndex = 0; path = Pods_ShareOurCost.framework; sourceTree = BUILT_PRODUCTS_DIR; };
		A20F2C631F276F9700D446F7 /* ShareOurCost.app */ = {isa = PBXFileReference; explicitFileType = wrapper.application; includeInIndex = 0; path = ShareOurCost.app; sourceTree = BUILT_PRODUCTS_DIR; };
		A20F2C661F276F9700D446F7 /* AppDelegate.swift */ = {isa = PBXFileReference; lastKnownFileType = sourcecode.swift; path = AppDelegate.swift; sourceTree = "<group>"; };
		A20F2C681F276F9700D446F7 /* LoginViewController.swift */ = {isa = PBXFileReference; lastKnownFileType = sourcecode.swift; path = LoginViewController.swift; sourceTree = "<group>"; };
		A20F2C6B1F276F9700D446F7 /* Base */ = {isa = PBXFileReference; lastKnownFileType = file.storyboard; name = Base; path = Base.lproj/Main.storyboard; sourceTree = "<group>"; };
		A20F2C6E1F276F9700D446F7 /* ShareOurCost.xcdatamodel */ = {isa = PBXFileReference; lastKnownFileType = wrapper.xcdatamodel; path = ShareOurCost.xcdatamodel; sourceTree = "<group>"; };
		A20F2C701F276F9700D446F7 /* Assets.xcassets */ = {isa = PBXFileReference; lastKnownFileType = folder.assetcatalog; path = Assets.xcassets; sourceTree = "<group>"; };
		A20F2C731F276F9700D446F7 /* Base */ = {isa = PBXFileReference; lastKnownFileType = file.storyboard; name = Base; path = Base.lproj/LaunchScreen.storyboard; sourceTree = "<group>"; };
		A20F2C751F276F9700D446F7 /* Info.plist */ = {isa = PBXFileReference; lastKnownFileType = text.plist.xml; path = Info.plist; sourceTree = "<group>"; };
		A20F2C811F28C01B00D446F7 /* MatchingViewController.swift */ = {isa = PBXFileReference; fileEncoding = 4; lastKnownFileType = sourcecode.swift; path = MatchingViewController.swift; sourceTree = "<group>"; };
		A23489681F35F7760015698D /* AccountManager.swift */ = {isa = PBXFileReference; fileEncoding = 4; lastKnownFileType = sourcecode.swift; path = AccountManager.swift; sourceTree = "<group>"; };
		A24F30C41F2B2EFC002E05E2 /* File.swift */ = {isa = PBXFileReference; fileEncoding = 4; lastKnownFileType = sourcecode.swift; path = File.swift; sourceTree = "<group>"; };
		A26EB0081F41D1CD009E5C6F /* GoogleService-Info.plist */ = {isa = PBXFileReference; fileEncoding = 4; lastKnownFileType = text.plist.xml; path = "GoogleService-Info.plist"; sourceTree = "<group>"; };
		A26EB00A1F42C51B009E5C6F /* AddFriendViewController.swift */ = {isa = PBXFileReference; fileEncoding = 4; lastKnownFileType = sourcecode.swift; path = AddFriendViewController.swift; sourceTree = "<group>"; };
		A26EB00C1F42D0E8009E5C6F /* FriendDetailListViewController.swift */ = {isa = PBXFileReference; fileEncoding = 4; lastKnownFileType = sourcecode.swift; path = FriendDetailListViewController.swift; sourceTree = "<group>"; };
		A288F1511F2E2C0C0061F8FF /* FriendListTableViewController.swift */ = {isa = PBXFileReference; fileEncoding = 4; lastKnownFileType = sourcecode.swift; path = FriendListTableViewController.swift; sourceTree = "<group>"; };
		A288F1531F2E337F0061F8FF /* FriendRequestListTableViewCell.swift */ = {isa = PBXFileReference; fileEncoding = 4; lastKnownFileType = sourcecode.swift; path = FriendRequestListTableViewCell.swift; sourceTree = "<group>"; };
		A288F1551F3055F40061F8FF /* FriendListTableViewCell.swift */ = {isa = PBXFileReference; fileEncoding = 4; lastKnownFileType = sourcecode.swift; path = FriendListTableViewCell.swift; sourceTree = "<group>"; };
		A288F1571F30A4FA0061F8FF /* AddExpenseViewController.swift */ = {isa = PBXFileReference; fileEncoding = 4; lastKnownFileType = sourcecode.swift; path = AddExpenseViewController.swift; sourceTree = "<group>"; };
		A29720751F3D70FD00D92B3F /* ExpenseListSegmentViewController.swift */ = {isa = PBXFileReference; fileEncoding = 4; lastKnownFileType = sourcecode.swift; path = ExpenseListSegmentViewController.swift; sourceTree = "<group>"; };
		A29720771F3D737E00D92B3F /* ExpenseListSegmentTableViewCell.swift */ = {isa = PBXFileReference; fileEncoding = 4; lastKnownFileType = sourcecode.swift; path = ExpenseListSegmentTableViewCell.swift; sourceTree = "<group>"; };
		A2FE33F71F374B6400C3A793 /* FriendManager.swift */ = {isa = PBXFileReference; fileEncoding = 4; lastKnownFileType = sourcecode.swift; path = FriendManager.swift; sourceTree = "<group>"; };
		A2FE33F91F3759C600C3A793 /* ExpeneseDetailViewController.swift */ = {isa = PBXFileReference; fileEncoding = 4; lastKnownFileType = sourcecode.swift; path = ExpeneseDetailViewController.swift; sourceTree = "<group>"; };
		A2FE33FB1F37EC9000C3A793 /* ExpenseManager.swift */ = {isa = PBXFileReference; fileEncoding = 4; lastKnownFileType = sourcecode.swift; path = ExpenseManager.swift; sourceTree = "<group>"; };
		B196AC87C610FC16F941F121 /* Pods-ShareOurCost.debug.xcconfig */ = {isa = PBXFileReference; includeInIndex = 1; lastKnownFileType = text.xcconfig; name = "Pods-ShareOurCost.debug.xcconfig"; path = "Pods/Target Support Files/Pods-ShareOurCost/Pods-ShareOurCost.debug.xcconfig"; sourceTree = "<group>"; };
/* End PBXFileReference section */

/* Begin PBXFrameworksBuildPhase section */
		A20F2C601F276F9700D446F7 /* Frameworks */ = {
			isa = PBXFrameworksBuildPhase;
			buildActionMask = 2147483647;
			files = (
				E96D74AF233843F582EEB011 /* Pods_ShareOurCost.framework in Frameworks */,
			);
			runOnlyForDeploymentPostprocessing = 0;
		};
/* End PBXFrameworksBuildPhase section */

/* Begin PBXGroup section */
		A20F2C5A1F276F9700D446F7 = {
			isa = PBXGroup;
			children = (
				A20F2C651F276F9700D446F7 /* ShareOurCost */,
				A20F2C641F276F9700D446F7 /* Products */,
				CD5B69F21542BE2E90FD8293 /* Pods */,
				FB9E83A024EC2B78A4C7EA92 /* Frameworks */,
			);
			sourceTree = "<group>";
		};
		A20F2C641F276F9700D446F7 /* Products */ = {
			isa = PBXGroup;
			children = (
				A20F2C631F276F9700D446F7 /* ShareOurCost.app */,
			);
			name = Products;
			sourceTree = "<group>";
		};
		A20F2C651F276F9700D446F7 /* ShareOurCost */ = {
			isa = PBXGroup;
			children = (
				A20F2C661F276F9700D446F7 /* AppDelegate.swift */,
				A20F2C6A1F276F9700D446F7 /* Main.storyboard */,
				A29720751F3D70FD00D92B3F /* ExpenseListSegmentViewController.swift */,
				A2FE33FB1F37EC9000C3A793 /* ExpenseManager.swift */,
				A29720771F3D737E00D92B3F /* ExpenseListSegmentTableViewCell.swift */,
				A2FE33F91F3759C600C3A793 /* ExpeneseDetailViewController.swift */,
				A288F1571F30A4FA0061F8FF /* AddExpenseViewController.swift */,
				A288F1551F3055F40061F8FF /* FriendListTableViewCell.swift */,
				A288F1531F2E337F0061F8FF /* FriendRequestListTableViewCell.swift */,
				A288F1511F2E2C0C0061F8FF /* FriendListTableViewController.swift */,
				A2FE33F71F374B6400C3A793 /* FriendManager.swift */,
				A26EB00A1F42C51B009E5C6F /* AddFriendViewController.swift */,
				A26EB00C1F42D0E8009E5C6F /* FriendDetailListViewController.swift */,
				A20F2C681F276F9700D446F7 /* LoginViewController.swift */,
				A23489681F35F7760015698D /* AccountManager.swift */,
				A20F2C811F28C01B00D446F7 /* MatchingViewController.swift */,
				A24F30C41F2B2EFC002E05E2 /* File.swift */,
				A20F2C701F276F9700D446F7 /* Assets.xcassets */,
				A20F2C721F276F9700D446F7 /* LaunchScreen.storyboard */,
				A20F2C751F276F9700D446F7 /* Info.plist */,
				A26EB0081F41D1CD009E5C6F /* GoogleService-Info.plist */,
				A20F2C6D1F276F9700D446F7 /* ShareOurCost.xcdatamodeld */,
			);
			path = ShareOurCost;
			sourceTree = "<group>";
		};
		CD5B69F21542BE2E90FD8293 /* Pods */ = {
			isa = PBXGroup;
			children = (
				B196AC87C610FC16F941F121 /* Pods-ShareOurCost.debug.xcconfig */,
				0FB66BD0448C110514B370DC /* Pods-ShareOurCost.release.xcconfig */,
			);
			name = Pods;
			sourceTree = "<group>";
		};
		FB9E83A024EC2B78A4C7EA92 /* Frameworks */ = {
			isa = PBXGroup;
			children = (
				10CC0D0489CC3AF52482997E /* Pods_ShareOurCost.framework */,
			);
			name = Frameworks;
			sourceTree = "<group>";
		};
/* End PBXGroup section */

/* Begin PBXNativeTarget section */
		A20F2C621F276F9700D446F7 /* ShareOurCost */ = {
			isa = PBXNativeTarget;
			buildConfigurationList = A20F2C781F276F9700D446F7 /* Build configuration list for PBXNativeTarget "ShareOurCost" */;
			buildPhases = (
				D457780D2A4F233AF411722A /* [CP] Check Pods Manifest.lock */,
				A20F2C5F1F276F9700D446F7 /* Sources */,
				A20F2C601F276F9700D446F7 /* Frameworks */,
				A20F2C611F276F9700D446F7 /* Resources */,
				A20F2C7B1F28476E00D446F7 /* ShellScript */,
				CF78F4D338C486FA68A73538 /* [CP] Embed Pods Frameworks */,
				3F2141BDAC49AEBED79DAD5C /* [CP] Copy Pods Resources */,
			);
			buildRules = (
			);
			dependencies = (
			);
			name = ShareOurCost;
			productName = ShareOurCost;
			productReference = A20F2C631F276F9700D446F7 /* ShareOurCost.app */;
			productType = "com.apple.product-type.application";
		};
/* End PBXNativeTarget section */

/* Begin PBXProject section */
		A20F2C5B1F276F9700D446F7 /* Project object */ = {
			isa = PBXProject;
			attributes = {
				LastSwiftUpdateCheck = 0830;
				LastUpgradeCheck = 0830;
				ORGANIZATIONNAME = Brad;
				TargetAttributes = {
					A20F2C621F276F9700D446F7 = {
						CreatedOnToolsVersion = 8.3.3;
						DevelopmentTeam = 8KK974MW9K;
						ProvisioningStyle = Automatic;
					};
				};
			};
			buildConfigurationList = A20F2C5E1F276F9700D446F7 /* Build configuration list for PBXProject "ShareOurCost" */;
			compatibilityVersion = "Xcode 3.2";
			developmentRegion = English;
			hasScannedForEncodings = 0;
			knownRegions = (
				en,
				Base,
			);
			mainGroup = A20F2C5A1F276F9700D446F7;
			productRefGroup = A20F2C641F276F9700D446F7 /* Products */;
			projectDirPath = "";
			projectRoot = "";
			targets = (
				A20F2C621F276F9700D446F7 /* ShareOurCost */,
			);
		};
/* End PBXProject section */

/* Begin PBXResourcesBuildPhase section */
		A20F2C611F276F9700D446F7 /* Resources */ = {
			isa = PBXResourcesBuildPhase;
			buildActionMask = 2147483647;
			files = (
				A20F2C741F276F9700D446F7 /* LaunchScreen.storyboard in Resources */,
				A26EB0091F41D1CD009E5C6F /* GoogleService-Info.plist in Resources */,
				A20F2C711F276F9700D446F7 /* Assets.xcassets in Resources */,
				A20F2C6C1F276F9700D446F7 /* Main.storyboard in Resources */,
			);
			runOnlyForDeploymentPostprocessing = 0;
		};
/* End PBXResourcesBuildPhase section */

/* Begin PBXShellScriptBuildPhase section */
		3F2141BDAC49AEBED79DAD5C /* [CP] Copy Pods Resources */ = {
			isa = PBXShellScriptBuildPhase;
			buildActionMask = 2147483647;
			files = (
			);
			inputPaths = (
			);
			name = "[CP] Copy Pods Resources";
			outputPaths = (
			);
			runOnlyForDeploymentPostprocessing = 0;
			shellPath = /bin/sh;
			shellScript = "\"${SRCROOT}/Pods/Target Support Files/Pods-ShareOurCost/Pods-ShareOurCost-resources.sh\"\n";
			showEnvVarsInLog = 0;
		};
		A20F2C7B1F28476E00D446F7 /* ShellScript */ = {
			isa = PBXShellScriptBuildPhase;
			buildActionMask = 2147483647;
			files = (
			);
			inputPaths = (
			);
			outputPaths = (
			);
			runOnlyForDeploymentPostprocessing = 0;
			shellPath = /bin/sh;
			shellScript = "";
		};
		CF78F4D338C486FA68A73538 /* [CP] Embed Pods Frameworks */ = {
			isa = PBXShellScriptBuildPhase;
			buildActionMask = 2147483647;
			files = (
			);
			inputPaths = (
				"${SRCROOT}/Pods/Target Support Files/Pods-ShareOurCost/Pods-ShareOurCost-frameworks.sh",
				"${BUILT_PRODUCTS_DIR}/GTMSessionFetcher/GTMSessionFetcher.framework",
				"${BUILT_PRODUCTS_DIR}/GoogleToolboxForMac/GoogleToolboxForMac.framework",
				"${BUILT_PRODUCTS_DIR}/IQKeyboardManager/IQKeyboardManager.framework",
			);
			name = "[CP] Embed Pods Frameworks";
			outputPaths = (
				"${TARGET_BUILD_DIR}/${FRAMEWORKS_FOLDER_PATH}/GTMSessionFetcher.framework",
				"${TARGET_BUILD_DIR}/${FRAMEWORKS_FOLDER_PATH}/GoogleToolboxForMac.framework",
				"${TARGET_BUILD_DIR}/${FRAMEWORKS_FOLDER_PATH}/IQKeyboardManager.framework",
			);
			runOnlyForDeploymentPostprocessing = 0;
			shellPath = /bin/sh;
			shellScript = "\"${SRCROOT}/Pods/Target Support Files/Pods-ShareOurCost/Pods-ShareOurCost-frameworks.sh\"\n";
			showEnvVarsInLog = 0;
		};
		D457780D2A4F233AF411722A /* [CP] Check Pods Manifest.lock */ = {
			isa = PBXShellScriptBuildPhase;
			buildActionMask = 2147483647;
			files = (
			);
			inputPaths = (
				"${PODS_PODFILE_DIR_PATH}/Podfile.lock",
				"${PODS_ROOT}/Manifest.lock",
			);
			name = "[CP] Check Pods Manifest.lock";
			outputPaths = (
				"$(DERIVED_FILE_DIR)/Pods-ShareOurCost-checkManifestLockResult.txt",
			);
			runOnlyForDeploymentPostprocessing = 0;
			shellPath = /bin/sh;
			shellScript = "diff \"${PODS_PODFILE_DIR_PATH}/Podfile.lock\" \"${PODS_ROOT}/Manifest.lock\" > /dev/null\nif [ $? != 0 ] ; then\n    # print error to STDERR\n    echo \"error: The sandbox is not in sync with the Podfile.lock. Run 'pod install' or update your CocoaPods installation.\" >&2\n    exit 1\nfi\n# This output is used by Xcode 'outputs' to avoid re-running this script phase.\necho \"SUCCESS\" > \"${SCRIPT_OUTPUT_FILE_0}\"\n";
			showEnvVarsInLog = 0;
		};
/* End PBXShellScriptBuildPhase section */

/* Begin PBXSourcesBuildPhase section */
		A20F2C5F1F276F9700D446F7 /* Sources */ = {
			isa = PBXSourcesBuildPhase;
			buildActionMask = 2147483647;
			files = (
				A29720761F3D70FD00D92B3F /* ExpenseListSegmentViewController.swift in Sources */,
				A24F30C51F2B2EFC002E05E2 /* File.swift in Sources */,
				A2FE33F81F374B6400C3A793 /* FriendManager.swift in Sources */,
				A26EB00D1F42D0E8009E5C6F /* FriendDetailListViewController.swift in Sources */,
				A2FE33FC1F37EC9000C3A793 /* ExpenseManager.swift in Sources */,
				A20F2C6F1F276F9700D446F7 /* ShareOurCost.xcdatamodeld in Sources */,
				A288F1541F2E337F0061F8FF /* FriendRequestListTableViewCell.swift in Sources */,
				A20F2C821F28C01B00D446F7 /* MatchingViewController.swift in Sources */,
				A23489691F35F7760015698D /* AccountManager.swift in Sources */,
				A26EB00B1F42C51B009E5C6F /* AddFriendViewController.swift in Sources */,
				A288F1581F30A4FA0061F8FF /* AddExpenseViewController.swift in Sources */,
				A288F1521F2E2C0C0061F8FF /* FriendListTableViewController.swift in Sources */,
				A2FE33FA1F3759C600C3A793 /* ExpeneseDetailViewController.swift in Sources */,
				A20F2C691F276F9700D446F7 /* LoginViewController.swift in Sources */,
				A20F2C671F276F9700D446F7 /* AppDelegate.swift in Sources */,
				A288F1561F3055F40061F8FF /* FriendListTableViewCell.swift in Sources */,
				A29720781F3D737E00D92B3F /* ExpenseListSegmentTableViewCell.swift in Sources */,
			);
			runOnlyForDeploymentPostprocessing = 0;
		};
/* End PBXSourcesBuildPhase section */

/* Begin PBXVariantGroup section */
		A20F2C6A1F276F9700D446F7 /* Main.storyboard */ = {
			isa = PBXVariantGroup;
			children = (
				A20F2C6B1F276F9700D446F7 /* Base */,
			);
			name = Main.storyboard;
			sourceTree = "<group>";
		};
		A20F2C721F276F9700D446F7 /* LaunchScreen.storyboard */ = {
			isa = PBXVariantGroup;
			children = (
				A20F2C731F276F9700D446F7 /* Base */,
			);
			name = LaunchScreen.storyboard;
			sourceTree = "<group>";
		};
/* End PBXVariantGroup section */

/* Begin XCBuildConfiguration section */
		A20F2C761F276F9700D446F7 /* Debug */ = {
			isa = XCBuildConfiguration;
			buildSettings = {
				ALWAYS_SEARCH_USER_PATHS = NO;
				CLANG_ANALYZER_NONNULL = YES;
				CLANG_ANALYZER_NUMBER_OBJECT_CONVERSION = YES_AGGRESSIVE;
				CLANG_CXX_LANGUAGE_STANDARD = "gnu++0x";
				CLANG_CXX_LIBRARY = "libc++";
				CLANG_ENABLE_MODULES = YES;
				CLANG_ENABLE_OBJC_ARC = YES;
				CLANG_WARN_BOOL_CONVERSION = YES;
				CLANG_WARN_CONSTANT_CONVERSION = YES;
				CLANG_WARN_DIRECT_OBJC_ISA_USAGE = YES_ERROR;
				CLANG_WARN_DOCUMENTATION_COMMENTS = YES;
				CLANG_WARN_EMPTY_BODY = YES;
				CLANG_WARN_ENUM_CONVERSION = YES;
				CLANG_WARN_INFINITE_RECURSION = YES;
				CLANG_WARN_INT_CONVERSION = YES;
				CLANG_WARN_OBJC_ROOT_CLASS = YES_ERROR;
				CLANG_WARN_SUSPICIOUS_MOVE = YES;
				CLANG_WARN_UNREACHABLE_CODE = YES;
				CLANG_WARN__DUPLICATE_METHOD_MATCH = YES;
				"CODE_SIGN_IDENTITY[sdk=iphoneos*]" = "iPhone Developer";
				COPY_PHASE_STRIP = NO;
				DEBUG_INFORMATION_FORMAT = dwarf;
				ENABLE_STRICT_OBJC_MSGSEND = YES;
				ENABLE_TESTABILITY = YES;
				GCC_C_LANGUAGE_STANDARD = gnu99;
				GCC_DYNAMIC_NO_PIC = NO;
				GCC_NO_COMMON_BLOCKS = YES;
				GCC_OPTIMIZATION_LEVEL = 0;
				GCC_PREPROCESSOR_DEFINITIONS = (
					"DEBUG=1",
					"$(inherited)",
				);
				GCC_WARN_64_TO_32_BIT_CONVERSION = YES;
				GCC_WARN_ABOUT_RETURN_TYPE = YES_ERROR;
				GCC_WARN_UNDECLARED_SELECTOR = YES;
				GCC_WARN_UNINITIALIZED_AUTOS = YES_AGGRESSIVE;
				GCC_WARN_UNUSED_FUNCTION = YES;
				GCC_WARN_UNUSED_VARIABLE = YES;
				IPHONEOS_DEPLOYMENT_TARGET = 10.0;
				MTL_ENABLE_DEBUG_INFO = YES;
				ONLY_ACTIVE_ARCH = YES;
				SDKROOT = iphoneos;
				SWIFT_ACTIVE_COMPILATION_CONDITIONS = DEBUG;
				SWIFT_OPTIMIZATION_LEVEL = "-Onone";
			};
			name = Debug;
		};
		A20F2C771F276F9700D446F7 /* Release */ = {
			isa = XCBuildConfiguration;
			buildSettings = {
				ALWAYS_SEARCH_USER_PATHS = NO;
				CLANG_ANALYZER_NONNULL = YES;
				CLANG_ANALYZER_NUMBER_OBJECT_CONVERSION = YES_AGGRESSIVE;
				CLANG_CXX_LANGUAGE_STANDARD = "gnu++0x";
				CLANG_CXX_LIBRARY = "libc++";
				CLANG_ENABLE_MODULES = YES;
				CLANG_ENABLE_OBJC_ARC = YES;
				CLANG_WARN_BOOL_CONVERSION = YES;
				CLANG_WARN_CONSTANT_CONVERSION = YES;
				CLANG_WARN_DIRECT_OBJC_ISA_USAGE = YES_ERROR;
				CLANG_WARN_DOCUMENTATION_COMMENTS = YES;
				CLANG_WARN_EMPTY_BODY = YES;
				CLANG_WARN_ENUM_CONVERSION = YES;
				CLANG_WARN_INFINITE_RECURSION = YES;
				CLANG_WARN_INT_CONVERSION = YES;
				CLANG_WARN_OBJC_ROOT_CLASS = YES_ERROR;
				CLANG_WARN_SUSPICIOUS_MOVE = YES;
				CLANG_WARN_UNREACHABLE_CODE = YES;
				CLANG_WARN__DUPLICATE_METHOD_MATCH = YES;
				"CODE_SIGN_IDENTITY[sdk=iphoneos*]" = "iPhone Developer";
				COPY_PHASE_STRIP = NO;
				DEBUG_INFORMATION_FORMAT = "dwarf-with-dsym";
				ENABLE_NS_ASSERTIONS = NO;
				ENABLE_STRICT_OBJC_MSGSEND = YES;
				GCC_C_LANGUAGE_STANDARD = gnu99;
				GCC_NO_COMMON_BLOCKS = YES;
				GCC_WARN_64_TO_32_BIT_CONVERSION = YES;
				GCC_WARN_ABOUT_RETURN_TYPE = YES_ERROR;
				GCC_WARN_UNDECLARED_SELECTOR = YES;
				GCC_WARN_UNINITIALIZED_AUTOS = YES_AGGRESSIVE;
				GCC_WARN_UNUSED_FUNCTION = YES;
				GCC_WARN_UNUSED_VARIABLE = YES;
				IPHONEOS_DEPLOYMENT_TARGET = 10.0;
				MTL_ENABLE_DEBUG_INFO = NO;
				SDKROOT = iphoneos;
				SWIFT_OPTIMIZATION_LEVEL = "-Owholemodule";
				VALIDATE_PRODUCT = YES;
			};
			name = Release;
		};
		A20F2C791F276F9700D446F7 /* Debug */ = {
			isa = XCBuildConfiguration;
			baseConfigurationReference = B196AC87C610FC16F941F121 /* Pods-ShareOurCost.debug.xcconfig */;
			buildSettings = {
				ASSETCATALOG_COMPILER_APPICON_NAME = AppIcon;
				DEVELOPMENT_TEAM = 8KK974MW9K;
				INFOPLIST_FILE = ShareOurCost/Info.plist;
				IPHONEOS_DEPLOYMENT_TARGET = 10.0;
				LD_RUNPATH_SEARCH_PATHS = "$(inherited) @executable_path/Frameworks";
				PRODUCT_BUNDLE_IDENTIFIER = Lee.ShareOurCost;
				PRODUCT_NAME = "$(TARGET_NAME)";
				SWIFT_VERSION = 3.0;
			};
			name = Debug;
		};
		A20F2C7A1F276F9700D446F7 /* Release */ = {
			isa = XCBuildConfiguration;
			baseConfigurationReference = 0FB66BD0448C110514B370DC /* Pods-ShareOurCost.release.xcconfig */;
			buildSettings = {
				ASSETCATALOG_COMPILER_APPICON_NAME = AppIcon;
				DEVELOPMENT_TEAM = 8KK974MW9K;
				INFOPLIST_FILE = ShareOurCost/Info.plist;
				IPHONEOS_DEPLOYMENT_TARGET = 10.0;
				LD_RUNPATH_SEARCH_PATHS = "$(inherited) @executable_path/Frameworks";
				PRODUCT_BUNDLE_IDENTIFIER = Lee.ShareOurCost;
				PRODUCT_NAME = "$(TARGET_NAME)";
				SWIFT_VERSION = 3.0;
			};
			name = Release;
		};
/* End XCBuildConfiguration section */

/* Begin XCConfigurationList section */
		A20F2C5E1F276F9700D446F7 /* Build configuration list for PBXProject "ShareOurCost" */ = {
			isa = XCConfigurationList;
			buildConfigurations = (
				A20F2C761F276F9700D446F7 /* Debug */,
				A20F2C771F276F9700D446F7 /* Release */,
			);
			defaultConfigurationIsVisible = 0;
			defaultConfigurationName = Release;
		};
		A20F2C781F276F9700D446F7 /* Build configuration list for PBXNativeTarget "ShareOurCost" */ = {
			isa = XCConfigurationList;
			buildConfigurations = (
				A20F2C791F276F9700D446F7 /* Debug */,
				A20F2C7A1F276F9700D446F7 /* Release */,
			);
			defaultConfigurationIsVisible = 0;
			defaultConfigurationName = Release;
		};
/* End XCConfigurationList section */

/* Begin XCVersionGroup section */
		A20F2C6D1F276F9700D446F7 /* ShareOurCost.xcdatamodeld */ = {
			isa = XCVersionGroup;
			children = (
				A20F2C6E1F276F9700D446F7 /* ShareOurCost.xcdatamodel */,
			);
			currentVersion = A20F2C6E1F276F9700D446F7 /* ShareOurCost.xcdatamodel */;
			path = ShareOurCost.xcdatamodeld;
			sourceTree = "<group>";
			versionGroupType = wrapper.xcdatamodel;
		};
/* End XCVersionGroup section */
	};
	rootObject = A20F2C5B1F276F9700D446F7 /* Project object */;
}
